
Microsoft Visual Studio Solution File, Format Version 12.00
Project("{FAE04EC0-301F-11D3-BF4B-00C04F79EFBC}") = "Music.Backend", "Music.Backend\Music.Backend.csproj", "{74887260-4249-429D-87BE-7BD7AD6CF95A}"
EndProject
Project("{2150E333-8FDC-42A3-9474-1A3956D46DE8}") = "Pendevx.Music.Commands", "Pendevx.Music.Commands", "{3FD9EAFE-0816-44AE-9A49-126FF1451DC4}"
EndProject
Project("{FAE04EC0-301F-11D3-BF4B-00C04F79EFBC}") = "Music.Commands", "Music.Commands\Music.Commands.csproj", "{B9F8CDC2-A1EC-4A5F-A83F-C02DD05B936C}"
EndProject
Project("{2150E333-8FDC-42A3-9474-1A3956D46DE8}") = "Pendevx.Music.Queries", "Pendevx.Music.Queries", "{31193FEE-554C-4A30-B1A1-497F4A80A53C}"
EndProject
Project("{FAE04EC0-301F-11D3-BF4B-00C04F79EFBC}") = "Music.CommandHandlers", "Music.CommandHandlers\Music.CommandHandlers.csproj", "{F99BE50B-2324-4476-BF7B-6F38B7887396}"
EndProject
Project("{FAE04EC0-301F-11D3-BF4B-00C04F79EFBC}") = "Music.QueryHandlers", "Music.QueryHandlers\Music.QueryHandlers.csproj", "{992D56E1-2645-44A5-96FE-7CD4817A8BBF}"
EndProject
Project("{2150E333-8FDC-42A3-9474-1A3956D46DE8}") = "Pendevx.Music.Repositories", "Pendevx.Music.Repositories", "{D5FB90DC-3618-4DDF-A0BB-C960F3C47666}"
EndProject
Project("{FAE04EC0-301F-11D3-BF4B-00C04F79EFBC}") = "Music.Repositories", "Music.Repositories\Music.Repositories.csproj", "{7EC02F27-BE7D-4654-8F4F-0E03B761D158}"
EndProject
Project("{FAE04EC0-301F-11D3-BF4B-00C04F79EFBC}") = "Music.Repositories.Contracts", "Music.Repositories.Contracts\Music.Repositories.Contracts.csproj", "{141116C6-E96D-4DF5-8756-D3FE791C9314}"
EndProject
Project("{FAE04EC0-301F-11D3-BF4B-00C04F79EFBC}") = "Music.Global.Contracts", "Music.Global.Contracts\Music.Global.Contracts.csproj", "{DF95E815-D609-4AF1-9A28-BAED2E3126F5}"
EndProject
Project("{FAE04EC0-301F-11D3-BF4B-00C04F79EFBC}") = "Music.Services", "Music.Services\Music.Services.csproj", "{9414EB02-E441-4CD9-9430-C67ABF9277A7}"
EndProject
Project("{FAE04EC0-301F-11D3-BF4B-00C04F79EFBC}") = "Music.CommandHandlers.Tests", "Music.CommandHandlers.Tests\Music.CommandHandlers.Tests.csproj", "{780B9CD8-C3BC-4E8C-8B4A-2FED12FECC95}"
EndProject
Project("{FAE04EC0-301F-11D3-BF4B-00C04F79EFBC}") = "Music.QueryHandlers.Tests", "Music.QueryHandlers.Tests\Music.QueryHandlers.Tests.csproj", "{942E7761-6624-4164-8408-033EADAC75DC}"
EndProject
Project("{FAE04EC0-301F-11D3-BF4B-00C04F79EFBC}") = "Music.Tests.Base", "Music.Tests.Base\Music.Tests.Base.csproj", "{2B5BBC7E-4809-4B62-B752-2580F300BB1E}"
EndProject
Project("{2150E333-8FDC-42A3-9474-1A3956D46DE8}") = "Pendevx.Music.Models", "Pendevx.Music.Models", "{151EDBB7-8BE2-4402-8921-3160EDE9E39A}"
EndProject
Project("{FAE04EC0-301F-11D3-BF4B-00C04F79EFBC}") = "Music.Models.Data", "Music.Models.Data\Music.Models.Data.csproj", "{4ECE0C6A-04AF-400D-8ED8-F38BE58C7BED}"
EndProject
Project("{FAE04EC0-301F-11D3-BF4B-00C04F79EFBC}") = "Music.CDK", "..\CDK\src\Music.CDK\Music.CDK.csproj", "{8719162B-2582-48F6-9EE9-CD135F990095}"
EndProject
Project("{2150E333-8FDC-42A3-9474-1A3956D46DE8}") = "Pendevx.Scripts", "Pendevx.Scripts", "{BDD7B20C-7A95-4A44-B1F5-53B25372C798}"
EndProject
Project("{FAE04EC0-301F-11D3-BF4B-00C04F79EFBC}") = "Music.Scripts.DS20.Common", "..\_scripts\DS-20 MSSQL to PSQL migration\Music.Scripts.DS20.Common\Music.Scripts.DS20.Common.csproj", "{B66D2661-BB5C-4621-AAD5-2DAC9CA52A85}"
EndProject
Project("{2150E333-8FDC-42A3-9474-1A3956D46DE8}") = "DS-20 Database Migration", "DS-20 Database Migration", "{ECE50C1D-6ED3-4166-8C3C-14BD94052643}"
EndProject
Project("{FAE04EC0-301F-11D3-BF4B-00C04F79EFBC}") = "Music.Scripts.DS20.InsertDataToPsql", "..\_scripts\DS-20 MSSQL to PSQL migration\Music.Scripts.DS20.InsertDataToPsql\Music.Scripts.DS20.InsertDataToPsql.csproj", "{72034DBF-406B-4ADC-B188-5E9CAD95AC87}"
EndProject
Project("{FAE04EC0-301F-11D3-BF4B-00C04F79EFBC}") = "Music.Scripts.DS20.InsertDataToS3", "..\_scripts\DS-20 MSSQL to PSQL migration\Music.Scripts.DS20.InsertDataToS3\Music.Scripts.DS20.InsertDataToS3.csproj", "{0A30A565-78C4-4E19-8087-2F814D43C9CE}"
EndProject
Project("{2150E333-8FDC-42A3-9474-1A3956D46DE8}") = "DS-3 Subfolder Migration", "DS-3 Subfolder Migration", "{6B020C75-086E-40A1-A172-F803B4ADA9A1}"
EndProject
Project("{FAE04EC0-301F-11D3-BF4B-00C04F79EFBC}") = "Music.Scripts.DS3.MoveSongsToS3Subfolder", "..\_scripts\DS-3 Songs Subfolder S3 migration\Music.Scripts.DS3.MoveSongsToS3Subfolder\Music.Scripts.DS3.MoveSongsToS3Subfolder.csproj", "{AE0539B2-5E8A-40D8-B91F-513FB5987E3F}"
EndProject
Project("{FAE04EC0-301F-11D3-BF4B-00C04F79EFBC}") = "Music.EntityFramework", "Music.EntityFramework\Music.EntityFramework.csproj", "{B9FECC71-F9DB-49D1-B2E9-1832E1589A55}"
EndProject
Global
	GlobalSection(SolutionConfigurationPlatforms) = preSolution
		Debug|Any CPU = Debug|Any CPU
		Release|Any CPU = Release|Any CPU
	EndGlobalSection
	GlobalSection(ProjectConfigurationPlatforms) = postSolution
		{74887260-4249-429D-87BE-7BD7AD6CF95A}.Debug|Any CPU.ActiveCfg = Debug|Any CPU
		{74887260-4249-429D-87BE-7BD7AD6CF95A}.Debug|Any CPU.Build.0 = Debug|Any CPU
		{74887260-4249-429D-87BE-7BD7AD6CF95A}.Release|Any CPU.ActiveCfg = Release|Any CPU
		{74887260-4249-429D-87BE-7BD7AD6CF95A}.Release|Any CPU.Build.0 = Release|Any CPU
		{B9F8CDC2-A1EC-4A5F-A83F-C02DD05B936C}.Debug|Any CPU.ActiveCfg = Debug|Any CPU
		{B9F8CDC2-A1EC-4A5F-A83F-C02DD05B936C}.Debug|Any CPU.Build.0 = Debug|Any CPU
		{B9F8CDC2-A1EC-4A5F-A83F-C02DD05B936C}.Release|Any CPU.ActiveCfg = Release|Any CPU
		{B9F8CDC2-A1EC-4A5F-A83F-C02DD05B936C}.Release|Any CPU.Build.0 = Release|Any CPU
		{F99BE50B-2324-4476-BF7B-6F38B7887396}.Debug|Any CPU.ActiveCfg = Debug|Any CPU
		{F99BE50B-2324-4476-BF7B-6F38B7887396}.Debug|Any CPU.Build.0 = Debug|Any CPU
		{F99BE50B-2324-4476-BF7B-6F38B7887396}.Release|Any CPU.ActiveCfg = Release|Any CPU
		{F99BE50B-2324-4476-BF7B-6F38B7887396}.Release|Any CPU.Build.0 = Release|Any CPU
		{992D56E1-2645-44A5-96FE-7CD4817A8BBF}.Debug|Any CPU.ActiveCfg = Debug|Any CPU
		{992D56E1-2645-44A5-96FE-7CD4817A8BBF}.Debug|Any CPU.Build.0 = Debug|Any CPU
		{992D56E1-2645-44A5-96FE-7CD4817A8BBF}.Release|Any CPU.ActiveCfg = Release|Any CPU
		{992D56E1-2645-44A5-96FE-7CD4817A8BBF}.Release|Any CPU.Build.0 = Release|Any CPU
		{7EC02F27-BE7D-4654-8F4F-0E03B761D158}.Debug|Any CPU.ActiveCfg = Debug|Any CPU
		{7EC02F27-BE7D-4654-8F4F-0E03B761D158}.Debug|Any CPU.Build.0 = Debug|Any CPU
		{7EC02F27-BE7D-4654-8F4F-0E03B761D158}.Release|Any CPU.ActiveCfg = Release|Any CPU
		{7EC02F27-BE7D-4654-8F4F-0E03B761D158}.Release|Any CPU.Build.0 = Release|Any CPU
		{141116C6-E96D-4DF5-8756-D3FE791C9314}.Debug|Any CPU.ActiveCfg = Debug|Any CPU
		{141116C6-E96D-4DF5-8756-D3FE791C9314}.Debug|Any CPU.Build.0 = Debug|Any CPU
		{141116C6-E96D-4DF5-8756-D3FE791C9314}.Release|Any CPU.ActiveCfg = Release|Any CPU
		{141116C6-E96D-4DF5-8756-D3FE791C9314}.Release|Any CPU.Build.0 = Release|Any CPU
		{DF95E815-D609-4AF1-9A28-BAED2E3126F5}.Debug|Any CPU.ActiveCfg = Debug|Any CPU
		{DF95E815-D609-4AF1-9A28-BAED2E3126F5}.Debug|Any CPU.Build.0 = Debug|Any CPU
		{DF95E815-D609-4AF1-9A28-BAED2E3126F5}.Release|Any CPU.ActiveCfg = Release|Any CPU
		{DF95E815-D609-4AF1-9A28-BAED2E3126F5}.Release|Any CPU.Build.0 = Release|Any CPU
		{9414EB02-E441-4CD9-9430-C67ABF9277A7}.Debug|Any CPU.ActiveCfg = Debug|Any CPU
		{9414EB02-E441-4CD9-9430-C67ABF9277A7}.Debug|Any CPU.Build.0 = Debug|Any CPU
		{9414EB02-E441-4CD9-9430-C67ABF9277A7}.Release|Any CPU.ActiveCfg = Release|Any CPU
		{9414EB02-E441-4CD9-9430-C67ABF9277A7}.Release|Any CPU.Build.0 = Release|Any CPU
		{780B9CD8-C3BC-4E8C-8B4A-2FED12FECC95}.Debug|Any CPU.ActiveCfg = Debug|Any CPU
		{780B9CD8-C3BC-4E8C-8B4A-2FED12FECC95}.Debug|Any CPU.Build.0 = Debug|Any CPU
		{780B9CD8-C3BC-4E8C-8B4A-2FED12FECC95}.Release|Any CPU.ActiveCfg = Release|Any CPU
		{780B9CD8-C3BC-4E8C-8B4A-2FED12FECC95}.Release|Any CPU.Build.0 = Release|Any CPU
		{942E7761-6624-4164-8408-033EADAC75DC}.Debug|Any CPU.ActiveCfg = Debug|Any CPU
		{942E7761-6624-4164-8408-033EADAC75DC}.Debug|Any CPU.Build.0 = Debug|Any CPU
		{942E7761-6624-4164-8408-033EADAC75DC}.Release|Any CPU.ActiveCfg = Release|Any CPU
		{942E7761-6624-4164-8408-033EADAC75DC}.Release|Any CPU.Build.0 = Release|Any CPU
		{2B5BBC7E-4809-4B62-B752-2580F300BB1E}.Debug|Any CPU.ActiveCfg = Debug|Any CPU
		{2B5BBC7E-4809-4B62-B752-2580F300BB1E}.Debug|Any CPU.Build.0 = Debug|Any CPU
		{2B5BBC7E-4809-4B62-B752-2580F300BB1E}.Release|Any CPU.ActiveCfg = Release|Any CPU
		{2B5BBC7E-4809-4B62-B752-2580F300BB1E}.Release|Any CPU.Build.0 = Release|Any CPU
		{4ECE0C6A-04AF-400D-8ED8-F38BE58C7BED}.Debug|Any CPU.ActiveCfg = Debug|Any CPU
		{4ECE0C6A-04AF-400D-8ED8-F38BE58C7BED}.Debug|Any CPU.Build.0 = Debug|Any CPU
		{4ECE0C6A-04AF-400D-8ED8-F38BE58C7BED}.Release|Any CPU.ActiveCfg = Release|Any CPU
		{4ECE0C6A-04AF-400D-8ED8-F38BE58C7BED}.Release|Any CPU.Build.0 = Release|Any CPU
		{8719162B-2582-48F6-9EE9-CD135F990095}.Debug|Any CPU.ActiveCfg = Debug|Any CPU
		{8719162B-2582-48F6-9EE9-CD135F990095}.Debug|Any CPU.Build.0 = Debug|Any CPU
		{8719162B-2582-48F6-9EE9-CD135F990095}.Release|Any CPU.ActiveCfg = Release|Any CPU
		{8719162B-2582-48F6-9EE9-CD135F990095}.Release|Any CPU.Build.0 = Release|Any CPU
		{B66D2661-BB5C-4621-AAD5-2DAC9CA52A85}.Debug|Any CPU.ActiveCfg = Debug|Any CPU
		{B66D2661-BB5C-4621-AAD5-2DAC9CA52A85}.Debug|Any CPU.Build.0 = Debug|Any CPU
		{B66D2661-BB5C-4621-AAD5-2DAC9CA52A85}.Release|Any CPU.ActiveCfg = Release|Any CPU
		{B66D2661-BB5C-4621-AAD5-2DAC9CA52A85}.Release|Any CPU.Build.0 = Release|Any CPU
		{72034DBF-406B-4ADC-B188-5E9CAD95AC87}.Debug|Any CPU.ActiveCfg = Debug|Any CPU
		{72034DBF-406B-4ADC-B188-5E9CAD95AC87}.Debug|Any CPU.Build.0 = Debug|Any CPU
		{72034DBF-406B-4ADC-B188-5E9CAD95AC87}.Release|Any CPU.ActiveCfg = Release|Any CPU
		{72034DBF-406B-4ADC-B188-5E9CAD95AC87}.Release|Any CPU.Build.0 = Release|Any CPU
		{0A30A565-78C4-4E19-8087-2F814D43C9CE}.Debug|Any CPU.ActiveCfg = Debug|Any CPU
		{0A30A565-78C4-4E19-8087-2F814D43C9CE}.Debug|Any CPU.Build.0 = Debug|Any CPU
		{0A30A565-78C4-4E19-8087-2F814D43C9CE}.Release|Any CPU.ActiveCfg = Release|Any CPU
		{0A30A565-78C4-4E19-8087-2F814D43C9CE}.Release|Any CPU.Build.0 = Release|Any CPU
		{AE0539B2-5E8A-40D8-B91F-513FB5987E3F}.Debug|Any CPU.ActiveCfg = Debug|Any CPU
		{AE0539B2-5E8A-40D8-B91F-513FB5987E3F}.Debug|Any CPU.Build.0 = Debug|Any CPU
		{AE0539B2-5E8A-40D8-B91F-513FB5987E3F}.Release|Any CPU.ActiveCfg = Release|Any CPU
		{AE0539B2-5E8A-40D8-B91F-513FB5987E3F}.Release|Any CPU.Build.0 = Release|Any CPU
		{B9FECC71-F9DB-49D1-B2E9-1832E1589A55}.Debug|Any CPU.ActiveCfg = Debug|Any CPU
		{B9FECC71-F9DB-49D1-B2E9-1832E1589A55}.Debug|Any CPU.Build.0 = Debug|Any CPU
		{B9FECC71-F9DB-49D1-B2E9-1832E1589A55}.Release|Any CPU.ActiveCfg = Release|Any CPU
		{B9FECC71-F9DB-49D1-B2E9-1832E1589A55}.Release|Any CPU.Build.0 = Release|Any CPU
	EndGlobalSection
	GlobalSection(NestedProjects) = preSolution
		{B9F8CDC2-A1EC-4A5F-A83F-C02DD05B936C} = {3FD9EAFE-0816-44AE-9A49-126FF1451DC4}
		{F99BE50B-2324-4476-BF7B-6F38B7887396} = {3FD9EAFE-0816-44AE-9A49-126FF1451DC4}
		{992D56E1-2645-44A5-96FE-7CD4817A8BBF} = {31193FEE-554C-4A30-B1A1-497F4A80A53C}
		{7EC02F27-BE7D-4654-8F4F-0E03B761D158} = {D5FB90DC-3618-4DDF-A0BB-C960F3C47666}
		{141116C6-E96D-4DF5-8756-D3FE791C9314} = {D5FB90DC-3618-4DDF-A0BB-C960F3C47666}
		{780B9CD8-C3BC-4E8C-8B4A-2FED12FECC95} = {3FD9EAFE-0816-44AE-9A49-126FF1451DC4}
		{942E7761-6624-4164-8408-033EADAC75DC} = {31193FEE-554C-4A30-B1A1-497F4A80A53C}
		{4ECE0C6A-04AF-400D-8ED8-F38BE58C7BED} = {151EDBB7-8BE2-4402-8921-3160EDE9E39A}
		{ECE50C1D-6ED3-4166-8C3C-14BD94052643} = {BDD7B20C-7A95-4A44-B1F5-53B25372C798}
		{B66D2661-BB5C-4621-AAD5-2DAC9CA52A85} = {ECE50C1D-6ED3-4166-8C3C-14BD94052643}
		{72034DBF-406B-4ADC-B188-5E9CAD95AC87} = {ECE50C1D-6ED3-4166-8C3C-14BD94052643}
		{0A30A565-78C4-4E19-8087-2F814D43C9CE} = {ECE50C1D-6ED3-4166-8C3C-14BD94052643}
		{6B020C75-086E-40A1-A172-F803B4ADA9A1} = {BDD7B20C-7A95-4A44-B1F5-53B25372C798}
		{AE0539B2-5E8A-40D8-B91F-513FB5987E3F} = {6B020C75-086E-40A1-A172-F803B4ADA9A1}
	EndGlobalSection
EndGlobal
