
Microsoft Visual Studio Solution File, Format Version 12.00
# Visual Studio Version 17
VisualStudioVersion = 17.0.31903.59
MinimumVisualStudioVersion = 10.0.40219.1
Project("{F2A71F9B-5D33-465A-A702-920D77279786}") = "MoneySum.API", "MoneySum.API\MoneySum.API.fsproj", "{AFF411F0-FF6E-4A69-9077-64E6009A649A}"
EndProject
Global
	GlobalSection(SolutionConfigurationPlatforms) = preSolution
		Debug|Any CPU = Debug|Any CPU
		Release|Any CPU = Release|Any CPU
	EndGlobalSection
	GlobalSection(SolutionProperties) = preSolution
		HideSolutionNode = FALSE
	EndGlobalSection
	GlobalSection(ProjectConfigurationPlatforms) = postSolution
		{AFF411F0-FF6E-4A69-9077-64E6009A649A}.Debug|Any CPU.ActiveCfg = Debug|Any CPU
		{AFF411F0-FF6E-4A69-9077-64E6009A649A}.Debug|Any CPU.Build.0 = Debug|Any CPU
		{AFF411F0-FF6E-4A69-9077-64E6009A649A}.Release|Any CPU.ActiveCfg = Release|Any CPU
		{AFF411F0-FF6E-4A69-9077-64E6009A649A}.Release|Any CPU.Build.0 = Release|Any CPU
	EndGlobalSection
EndGlobal
